{
  "name": "scuttlesort",
  "version": "0.0.2",
  "lockfileVersion": 2,
  "requires": true,
  "packages": {
    "": {
      "name": "scuttlesort",
      "version": "0.0.2",
      "license": "MIT",
      "dependencies": {
        "scuttlesort": "^0.0.1"
      }
    },
    "node_modules/scuttlesort": {
      "version": "0.0.1",
      "resolved": "https://registry.npmjs.org/scuttlesort/-/scuttlesort-0.0.1.tgz",
      "integrity": "sha512-Nkut7KpYK7x4wXMA7UzyCULiLZCx30DGeDXMpWdY1/9bl/4Hvtl+Fp0EuUIhQbd+gqV3yLEHwIbG//ZjlvEjqA=="
    }
  },
  "dependencies": {
    "scuttlesort": {
      "version": "0.0.1",
      "resolved": "https://registry.npmjs.org/scuttlesort/-/scuttlesort-0.0.1.tgz",
      "integrity": "sha512-Nkut7KpYK7x4wXMA7UzyCULiLZCx30DGeDXMpWdY1/9bl/4Hvtl+Fp0EuUIhQbd+gqV3yLEHwIbG//ZjlvEjqA=="
    }
  }
}
